
Microsoft Visual Studio Solution File, Format Version 12.00
# Visual Studio Version 17
VisualStudioVersion = 17.5.002.0
MinimumVisualStudioVersion = 10.0.40219.1
Project("{9A19103F-16F7-4668-BE54-9A1E7A4F7556}") = "firstApp", "firstApp.csproj", "{360142FD-B861-4776-8E2B-E619D9E135E4}"
EndProject
Global
	GlobalSection(SolutionConfigurationPlatforms) = preSolution
		Debug|Any CPU = Debug|Any CPU
		Release|Any CPU = Release|Any CPU
	EndGlobalSection
	GlobalSection(ProjectConfigurationPlatforms) = postSolution
		{360142FD-B861-4776-8E2B-E619D9E135E4}.Debug|Any CPU.ActiveCfg = Debug|Any CPU
		{360142FD-B861-4776-8E2B-E619D9E135E4}.Debug|Any CPU.Build.0 = Debug|Any CPU
		{360142FD-B861-4776-8E2B-E619D9E135E4}.Release|Any CPU.ActiveCfg = Release|Any CPU
		{360142FD-B861-4776-8E2B-E619D9E135E4}.Release|Any CPU.Build.0 = Release|Any CPU
	EndGlobalSection
	GlobalSection(SolutionProperties) = preSolution
		HideSolutionNode = FALSE
	EndGlobalSection
	GlobalSection(ExtensibilityGlobals) = postSolution
		SolutionGuid = {83FAE691-8CBB-4EF0-9799-E5C56DDDA0FD}
	EndGlobalSection
EndGlobal
